{
    "_readme": [
        "This file locks the dependencies of your project to a known state",
        "Read more about it at https://getcomposer.org/doc/01-basic-usage.md#installing-dependencies",
        "This file is @generated automatically"
    ],
    "content-hash": "1f0cc47d4219216a2d828f374cf06d67",
    "packages": [
        {
            "name": "shasoft/console",
            "version": "v1.0.4",
            "source": {
                "type": "git",
                "url": "https://github.com/shasoft/console.git",
                "reference": "3eb2ed9cce667c26f83bbeb2b80ab9364b44bfc2"
            },
            "dist": {
                "type": "zip",
                "url": "https://api.github.com/repos/shasoft/console/zipball/3eb2ed9cce667c26f83bbeb2b80ab9364b44bfc2",
                "reference": "3eb2ed9cce667c26f83bbeb2b80ab9364b44bfc2",
                "shasum": ""
            },
            "type": "library",
            "autoload": {
                "psr-4": {
                    "Shasoft\\Console\\": "src"
                }
            },
            "notification-url": "https://packagist.org/downloads/",
            "license": [
                "MIT"
            ],
            "authors": [
                {
                    "name": "Valery Shabanov",
                    "email": "dev@shasoft.com"
                }
            ],
            "description": "Shasoft Console",
            "homepage": "http://shasoft.com/article/klass_php_dlya_vyvoda_v_konsol_tsvetnogo_teksta",
            "keywords": [
                "color",
                "colors",
                "console",
                "output",
                "text"
            ],
            "support": {
                "issues": "https://github.com/shasoft/console/issues",
                "source": "https://github.com/shasoft/console/tree/master"
            },
            "time": "2018-12-06T08:55:20+00:00"
        }
    ],
    "packages-dev": [],
    "aliases": [],
    "minimum-stability": "stable",
    "stability-flags": [],
    "prefer-stable": false,
    "prefer-lowest": false,
    "platform": {
        "php": ">=7.0"
    },
    "platform-dev": [],
    "plugin-api-version": "2.1.0"
}
